
Microsoft Visual Studio Solution File, Format Version 12.00
Project("{FAE04EC0-301F-11D3-BF4B-00C04F79EFBC}") = "NthFibonacci", "NthFibonacci\NthFibonacci.csproj", "{77BECE3C-45C6-4363-AAEE-3A30D5DC3FA4}"
EndProject
Project("{FAE04EC0-301F-11D3-BF4B-00C04F79EFBC}") = "NthFibonacci_Test", "NthFibonacci_Test\NthFibonacci_Test.csproj", "{476B62BD-7BC3-4C82-8217-6B027A3A5A30}"
EndProject
Global
	GlobalSection(SolutionConfigurationPlatforms) = preSolution
		Debug|Any CPU = Debug|Any CPU
		Release|Any CPU = Release|Any CPU
	EndGlobalSection
	GlobalSection(ProjectConfigurationPlatforms) = postSolution
		{77BECE3C-45C6-4363-AAEE-3A30D5DC3FA4}.Debug|Any CPU.ActiveCfg = Debug|Any CPU
		{77BECE3C-45C6-4363-AAEE-3A30D5DC3FA4}.Debug|Any CPU.Build.0 = Debug|Any CPU
		{77BECE3C-45C6-4363-AAEE-3A30D5DC3FA4}.Release|Any CPU.ActiveCfg = Release|Any CPU
		{77BECE3C-45C6-4363-AAEE-3A30D5DC3FA4}.Release|Any CPU.Build.0 = Release|Any CPU
		{476B62BD-7BC3-4C82-8217-6B027A3A5A30}.Debug|Any CPU.ActiveCfg = Debug|Any CPU
		{476B62BD-7BC3-4C82-8217-6B027A3A5A30}.Debug|Any CPU.Build.0 = Debug|Any CPU
		{476B62BD-7BC3-4C82-8217-6B027A3A5A30}.Release|Any CPU.ActiveCfg = Release|Any CPU
		{476B62BD-7BC3-4C82-8217-6B027A3A5A30}.Release|Any CPU.Build.0 = Release|Any CPU
	EndGlobalSection
EndGlobal
